// !$*UTF8*$!
{
	archiveVersion = 1;
	classes = {
	};
	objectVersion = 50;
	objects = {

/* Begin PBXBuildFile section */
		744198B323DB005C00FC0A45 /* AppDelegate.swift in Sources */ = {isa = PBXBuildFile; fileRef = 744198B223DB005C00FC0A45 /* AppDelegate.swift */; };
		744198B523DB005C00FC0A45 /* SceneDelegate.swift in Sources */ = {isa = PBXBuildFile; fileRef = 744198B423DB005C00FC0A45 /* SceneDelegate.swift */; };
		744198B723DB005C00FC0A45 /* ContentView.swift in Sources */ = {isa = PBXBuildFile; fileRef = 744198B623DB005C00FC0A45 /* ContentView.swift */; };
		744198B923DB005D00FC0A45 /* Assets.xcassets in Resources */ = {isa = PBXBuildFile; fileRef = 744198B823DB005D00FC0A45 /* Assets.xcassets */; };
		744198BC23DB005D00FC0A45 /* Preview Assets.xcassets in Resources */ = {isa = PBXBuildFile; fileRef = 744198BB23DB005D00FC0A45 /* Preview Assets.xcassets */; };
		744198BF23DB005D00FC0A45 /* LaunchScreen.storyboard in Resources */ = {isa = PBXBuildFile; fileRef = 744198BD23DB005D00FC0A45 /* LaunchScreen.storyboard */; };
		744198C723DB007500FC0A45 /* Model.swift in Sources */ = {isa = PBXBuildFile; fileRef = 744198C623DB007500FC0A45 /* Model.swift */; };
		744198C923DB010D00FC0A45 /* NetService.swift in Sources */ = {isa = PBXBuildFile; fileRef = 744198C823DB010D00FC0A45 /* NetService.swift */; };
		744198CB23DB038200FC0A45 /* WebService.swift in Sources */ = {isa = PBXBuildFile; fileRef = 744198CA23DB038200FC0A45 /* WebService.swift */; };
		744198CD23DB044500FC0A45 /* ViewModel.swift in Sources */ = {isa = PBXBuildFile; fileRef = 744198CC23DB044500FC0A45 /* ViewModel.swift */; };
		744198D323DB067600FC0A45 /* StoryView.swift in Sources */ = {isa = PBXBuildFile; fileRef = 744198D223DB067600FC0A45 /* StoryView.swift */; };
		744198D523DB07D500FC0A45 /* StoryDetailView.swift in Sources */ = {isa = PBXBuildFile; fileRef = 744198D423DB07D500FC0A45 /* StoryDetailView.swift */; };
/* End PBXBuildFile section */

/* Begin PBXFileReference section */
		744198AF23DB005C00FC0A45 /* Hacker News API Combine.app */ = {isa = PBXFileReference; explicitFileType = wrapper.application; includeInIndex = 0; path = "Hacker News API Combine.app"; sourceTree = BUILT_PRODUCTS_DIR; };
		744198B223DB005C00FC0A45 /* AppDelegate.swift */ = {isa = PBXFileReference; lastKnownFileType = sourcecode.swift; path = AppDelegate.swift; sourceTree = "<group>"; };
		744198B423DB005C00FC0A45 /* SceneDelegate.swift */ = {isa = PBXFileReference; lastKnownFileType = sourcecode.swift; path = SceneDelegate.swift; sourceTree = "<group>"; };
		744198B623DB005C00FC0A45 /* ContentView.swift */ = {isa = PBXFileReference; lastKnownFileType = sourcecode.swift; path = ContentView.swift; sourceTree = "<group>"; };
		744198B823DB005D00FC0A45 /* Assets.xcassets */ = {isa = PBXFileReference; lastKnownFileType = folder.assetcatalog; path = Assets.xcassets; sourceTree = "<group>"; };
		744198BB23DB005D00FC0A45 /* Preview Assets.xcassets */ = {isa = PBXFileReference; lastKnownFileType = folder.assetcatalog; path = "Preview Assets.xcassets"; sourceTree = "<group>"; };
		744198BE23DB005D00FC0A45 /* Base */ = {isa = PBXFileReference; lastKnownFileType = file.storyboard; name = Base; path = Base.lproj/LaunchScreen.storyboard; sourceTree = "<group>"; };
		744198C023DB005D00FC0A45 /* Info.plist */ = {isa = PBXFileReference; lastKnownFileType = text.plist.xml; path = Info.plist; sourceTree = "<group>"; };
		744198C623DB007500FC0A45 /* Model.swift */ = {isa = PBXFileReference; lastKnownFileType = sourcecode.swift; path = Model.swift; sourceTree = "<group>"; };
		744198C823DB010D00FC0A45 /* NetService.swift */ = {isa = PBXFileReference; lastKnownFileType = sourcecode.swift; path = NetService.swift; sourceTree = "<group>"; };
		744198CA23DB038200FC0A45 /* WebService.swift */ = {isa = PBXFileReference; lastKnownFileType = sourcecode.swift; path = WebService.swift; sourceTree = "<group>"; };
		744198CC23DB044500FC0A45 /* ViewModel.swift */ = {isa = PBXFileReference; lastKnownFileType = sourcecode.swift; path = ViewModel.swift; sourceTree = "<group>"; };
		744198D223DB067600FC0A45 /* StoryView.swift */ = {isa = PBXFileReference; lastKnownFileType = sourcecode.swift; path = StoryView.swift; sourceTree = "<group>"; };
		744198D423DB07D500FC0A45 /* StoryDetailView.swift */ = {isa = PBXFileReference; lastKnownFileType = sourcecode.swift; path = StoryDetailView.swift; sourceTree = "<group>"; };
/* End PBXFileReference section */

/* Begin PBXFrameworksBuildPhase section */
		744198AC23DB005C00FC0A45 /* Frameworks */ = {
			isa = PBXFrameworksBuildPhase;
			buildActionMask = 2147483647;
			files = (
			);
			runOnlyForDeploymentPostprocessing = 0;
		};
/* End PBXFrameworksBuildPhase section */

/* Begin PBXGroup section */
		744198A623DB005C00FC0A45 = {
			isa = PBXGroup;
			children = (
				744198B123DB005C00FC0A45 /* Hacker News API Combine */,
				744198B023DB005C00FC0A45 /* Products */,
			);
			sourceTree = "<group>";
		};
		744198B023DB005C00FC0A45 /* Products */ = {
			isa = PBXGroup;
			children = (
				744198AF23DB005C00FC0A45 /* Hacker News API Combine.app */,
			);
			name = Products;
			sourceTree = "<group>";
		};
		744198B123DB005C00FC0A45 /* Hacker News API Combine */ = {
			isa = PBXGroup;
			children = (
				744198B223DB005C00FC0A45 /* AppDelegate.swift */,
				744198B423DB005C00FC0A45 /* SceneDelegate.swift */,
				744198D023DB05AD00FC0A45 /* Service */,
				744198CE23DB059C00FC0A45 /* Model */,
				744198CF23DB05A300FC0A45 /* View */,
				744198D123DB05BA00FC0A45 /* ViewModel */,
				744198B823DB005D00FC0A45 /* Assets.xcassets */,
				744198BD23DB005D00FC0A45 /* LaunchScreen.storyboard */,
				744198C023DB005D00FC0A45 /* Info.plist */,
				744198BA23DB005D00FC0A45 /* Preview Content */,
			);
			path = "Hacker News API Combine";
			sourceTree = "<group>";
		};
		744198BA23DB005D00FC0A45 /* Preview Content */ = {
			isa = PBXGroup;
			children = (
				744198BB23DB005D00FC0A45 /* Preview Assets.xcassets */,
			);
			path = "Preview Content";
			sourceTree = "<group>";
		};
		744198CE23DB059C00FC0A45 /* Model */ = {
			isa = PBXGroup;
			children = (
				744198C623DB007500FC0A45 /* Model.swift */,
			);
			path = Model;
			sourceTree = "<group>";
		};
		744198CF23DB05A300FC0A45 /* View */ = {
			isa = PBXGroup;
			children = (
				744198B623DB005C00FC0A45 /* ContentView.swift */,
				744198D223DB067600FC0A45 /* StoryView.swift */,
				744198D423DB07D500FC0A45 /* StoryDetailView.swift */,
			);
			path = View;
			sourceTree = "<group>";
		};
		744198D023DB05AD00FC0A45 /* Service */ = {
			isa = PBXGroup;
			children = (
				744198C823DB010D00FC0A45 /* NetService.swift */,
				744198CA23DB038200FC0A45 /* WebService.swift */,
			);
			path = Service;
			sourceTree = "<group>";
		};
		744198D123DB05BA00FC0A45 /* ViewModel */ = {
			isa = PBXGroup;
			children = (
				744198CC23DB044500FC0A45 /* ViewModel.swift */,
			);
			path = ViewModel;
			sourceTree = "<group>";
		};
/* End PBXGroup section */

/* Begin PBXNativeTarget section */
		744198AE23DB005C00FC0A45 /* Hacker News API Combine */ = {
			isa = PBXNativeTarget;
			buildConfigurationList = 744198C323DB005D00FC0A45 /* Build configuration list for PBXNativeTarget "Hacker News API Combine" */;
			buildPhases = (
				744198AB23DB005C00FC0A45 /* Sources */,
				744198AC23DB005C00FC0A45 /* Frameworks */,
				744198AD23DB005C00FC0A45 /* Resources */,
			);
			buildRules = (
			);
			dependencies = (
			);
			name = "Hacker News API Combine";
			productName = "Hacker News API Combine";
			productReference = 744198AF23DB005C00FC0A45 /* Hacker News API Combine.app */;
			productType = "com.apple.product-type.application";
		};
/* End PBXNativeTarget section */

/* Begin PBXProject section */
		744198A723DB005C00FC0A45 /* Project object */ = {
			isa = PBXProject;
			attributes = {
				LastSwiftUpdateCheck = 1130;
				LastUpgradeCheck = 1130;
				ORGANIZATIONNAME = "Dmitry Novosyolov";
				TargetAttributes = {
					744198AE23DB005C00FC0A45 = {
						CreatedOnToolsVersion = 11.3.1;
					};
				};
			};
			buildConfigurationList = 744198AA23DB005C00FC0A45 /* Build configuration list for PBXProject "Hacker News API Combine" */;
			compatibilityVersion = "Xcode 9.3";
			developmentRegion = en;
			hasScannedForEncodings = 0;
			knownRegions = (
				en,
				Base,
			);
			mainGroup = 744198A623DB005C00FC0A45;
			productRefGroup = 744198B023DB005C00FC0A45 /* Products */;
			projectDirPath = "";
			projectRoot = "";
			targets = (
				744198AE23DB005C00FC0A45 /* Hacker News API Combine */,
			);
		};
/* End PBXProject section */

/* Begin PBXResourcesBuildPhase section */
		744198AD23DB005C00FC0A45 /* Resources */ = {
			isa = PBXResourcesBuildPhase;
			buildActionMask = 2147483647;
			files = (
				744198BF23DB005D00FC0A45 /* LaunchScreen.storyboard in Resources */,
				744198BC23DB005D00FC0A45 /* Preview Assets.xcassets in Resources */,
				744198B923DB005D00FC0A45 /* Assets.xcassets in Resources */,
			);
			runOnlyForDeploymentPostprocessing = 0;
		};
/* End PBXResourcesBuildPhase section */

/* Begin PBXSourcesBuildPhase section */
		744198AB23DB005C00FC0A45 /* Sources */ = {
			isa = PBXSourcesBuildPhase;
			buildActionMask = 2147483647;
			files = (
				744198D523DB07D500FC0A45 /* StoryDetailView.swift in Sources */,
				744198CB23DB038200FC0A45 /* WebService.swift in Sources */,
				744198B323DB005C00FC0A45 /* AppDelegate.swift in Sources */,
				744198B523DB005C00FC0A45 /* SceneDelegate.swift in Sources */,
				744198C923DB010D00FC0A45 /* NetService.swift in Sources */,
				744198B723DB005C00FC0A45 /* ContentView.swift in Sources */,
				744198C723DB007500FC0A45 /* Model.swift in Sources */,
				744198D323DB067600FC0A45 /* StoryView.swift in Sources */,
				744198CD23DB044500FC0A45 /* ViewModel.swift in Sources */,
			);
			runOnlyForDeploymentPostprocessing = 0;
		};
/* End PBXSourcesBuildPhase section */

/* Begin PBXVariantGroup section */
		744198BD23DB005D00FC0A45 /* LaunchScreen.storyboard */ = {
			isa = PBXVariantGroup;
			children = (
				744198BE23DB005D00FC0A45 /* Base */,
			);
			name = LaunchScreen.storyboard;
			sourceTree = "<group>";
		};
/* End PBXVariantGroup section */

/* Begin XCBuildConfiguration section */
		744198C123DB005D00FC0A45 /* Debug */ = {
			isa = XCBuildConfiguration;
			buildSettings = {
				ALWAYS_SEARCH_USER_PATHS = NO;
				CLANG_ANALYZER_NONNULL = YES;
				CLANG_ANALYZER_NUMBER_OBJECT_CONVERSION = YES_AGGRESSIVE;
				CLANG_CXX_LANGUAGE_STANDARD = "gnu++14";
				CLANG_CXX_LIBRARY = "libc++";
				CLANG_ENABLE_MODULES = YES;
				CLANG_ENABLE_OBJC_ARC = YES;
				CLANG_ENABLE_OBJC_WEAK = YES;
				CLANG_WARN_BLOCK_CAPTURE_AUTORELEASING = YES;
				CLANG_WARN_BOOL_CONVERSION = YES;
				CLANG_WARN_COMMA = YES;
				CLANG_WARN_CONSTANT_CONVERSION = YES;
				CLANG_WARN_DEPRECATED_OBJC_IMPLEMENTATIONS = YES;
				CLANG_WARN_DIRECT_OBJC_ISA_USAGE = YES_ERROR;
				CLANG_WARN_DOCUMENTATION_COMMENTS = YES;
				CLANG_WARN_EMPTY_BODY = YES;
				CLANG_WARN_ENUM_CONVERSION = YES;
				CLANG_WARN_INFINITE_RECURSION = YES;
				CLANG_WARN_INT_CONVERSION = YES;
				CLANG_WARN_NON_LITERAL_NULL_CONVERSION = YES;
				CLANG_WARN_OBJC_IMPLICIT_RETAIN_SELF = YES;
				CLANG_WARN_OBJC_LITERAL_CONVERSION = YES;
				CLANG_WARN_OBJC_ROOT_CLASS = YES_ERROR;
				CLANG_WARN_RANGE_LOOP_ANALYSIS = YES;
				CLANG_WARN_STRICT_PROTOTYPES = YES;
				CLANG_WARN_SUSPICIOUS_MOVE = YES;
				CLANG_WARN_UNGUARDED_AVAILABILITY = YES_AGGRESSIVE;
				CLANG_WARN_UNREACHABLE_CODE = YES;
				CLANG_WARN__DUPLICATE_METHOD_MATCH = YES;
				COPY_PHASE_STRIP = NO;
				DEBUG_INFORMATION_FORMAT = dwarf;
				ENABLE_STRICT_OBJC_MSGSEND = YES;
				ENABLE_TESTABILITY = YES;
				GCC_C_LANGUAGE_STANDARD = gnu11;
				GCC_DYNAMIC_NO_PIC = NO;
				GCC_NO_COMMON_BLOCKS = YES;
				GCC_OPTIMIZATION_LEVEL = 0;
				GCC_PREPROCESSOR_DEFINITIONS = (
					"DEBUG=1",
					"$(inherited)",
				);
				GCC_WARN_64_TO_32_BIT_CONVERSION = YES;
				GCC_WARN_ABOUT_RETURN_TYPE = YES_ERROR;
				GCC_WARN_UNDECLARED_SELECTOR = YES;
				GCC_WARN_UNINITIALIZED_AUTOS = YES_AGGRESSIVE;
				GCC_WARN_UNUSED_FUNCTION = YES;
				GCC_WARN_UNUSED_VARIABLE = YES;
				IPHONEOS_DEPLOYMENT_TARGET = 13.2;
				MTL_ENABLE_DEBUG_INFO = INCLUDE_SOURCE;
				MTL_FAST_MATH = YES;
				ONLY_ACTIVE_ARCH = YES;
				SDKROOT = iphoneos;
				SWIFT_ACTIVE_COMPILATION_CONDITIONS = DEBUG;
				SWIFT_OPTIMIZATION_LEVEL = "-Onone";
			};
			name = Debug;
		};
		744198C223DB005D00FC0A45 /* Release */ = {
			isa = XCBuildConfiguration;
			buildSettings = {
				ALWAYS_SEARCH_USER_PATHS = NO;
				CLANG_ANALYZER_NONNULL = YES;
				CLANG_ANALYZER_NUMBER_OBJECT_CONVERSION = YES_AGGRESSIVE;
				CLANG_CXX_LANGUAGE_STANDARD = "gnu++14";
				CLANG_CXX_LIBRARY = "libc++";
				CLANG_ENABLE_MODULES = YES;
				CLANG_ENABLE_OBJC_ARC = YES;
				CLANG_ENABLE_OBJC_WEAK = YES;
				CLANG_WARN_BLOCK_CAPTURE_AUTORELEASING = YES;
				CLANG_WARN_BOOL_CONVERSION = YES;
				CLANG_WARN_COMMA = YES;
				CLANG_WARN_CONSTANT_CONVERSION = YES;
				CLANG_WARN_DEPRECATED_OBJC_IMPLEMENTATIONS = YES;
				CLANG_WARN_DIRECT_OBJC_ISA_USAGE = YES_ERROR;
				CLANG_WARN_DOCUMENTATION_COMMENTS = YES;
				CLANG_WARN_EMPTY_BODY = YES;
				CLANG_WARN_ENUM_CONVERSION = YES;
				CLANG_WARN_INFINITE_RECURSION = YES;
				CLANG_WARN_INT_CONVERSION = YES;
				CLANG_WARN_NON_LITERAL_NULL_CONVERSION = YES;
				CLANG_WARN_OBJC_IMPLICIT_RETAIN_SELF = YES;
				CLANG_WARN_OBJC_LITERAL_CONVERSION = YES;
				CLANG_WARN_OBJC_ROOT_CLASS = YES_ERROR;
				CLANG_WARN_RANGE_LOOP_ANALYSIS = YES;
				CLANG_WARN_STRICT_PROTOTYPES = YES;
				CLANG_WARN_SUSPICIOUS_MOVE = YES;
				CLANG_WARN_UNGUARDED_AVAILABILITY = YES_AGGRESSIVE;
				CLANG_WARN_UNREACHABLE_CODE = YES;
				CLANG_WARN__DUPLICATE_METHOD_MATCH = YES;
				COPY_PHASE_STRIP = NO;
				DEBUG_INFORMATION_FORMAT = "dwarf-with-dsym";
				ENABLE_NS_ASSERTIONS = NO;
				ENABLE_STRICT_OBJC_MSGSEND = YES;
				GCC_C_LANGUAGE_STANDARD = gnu11;
				GCC_NO_COMMON_BLOCKS = YES;
				GCC_WARN_64_TO_32_BIT_CONVERSION = YES;
				GCC_WARN_ABOUT_RETURN_TYPE = YES_ERROR;
				GCC_WARN_UNDECLARED_SELECTOR = YES;
				GCC_WARN_UNINITIALIZED_AUTOS = YES_AGGRESSIVE;
				GCC_WARN_UNUSED_FUNCTION = YES;
				GCC_WARN_UNUSED_VARIABLE = YES;
				IPHONEOS_DEPLOYMENT_TARGET = 13.2;
				MTL_ENABLE_DEBUG_INFO = NO;
				MTL_FAST_MATH = YES;
				SDKROOT = iphoneos;
				SWIFT_COMPILATION_MODE = wholemodule;
				SWIFT_OPTIMIZATION_LEVEL = "-O";
				VALIDATE_PRODUCT = YES;
			};
			name = Release;
		};
		744198C423DB005D00FC0A45 /* Debug */ = {
			isa = XCBuildConfiguration;
			buildSettings = {
				ASSETCATALOG_COMPILER_APPICON_NAME = AppIcon;
				CODE_SIGN_STYLE = Automatic;
				DEVELOPMENT_ASSET_PATHS = "\"Hacker News API Combine/Preview Content\"";
				DEVELOPMENT_TEAM = 3LF677RTA3;
				ENABLE_PREVIEWS = YES;
				INFOPLIST_FILE = "Hacker News API Combine/Info.plist";
				LD_RUNPATH_SEARCH_PATHS = (
					"$(inherited)",
					"@executable_path/Frameworks",
				);
				PRODUCT_BUNDLE_IDENTIFIER = "DimNovo.Hacker-News-API-Combine";
				PRODUCT_NAME = "$(TARGET_NAME)";
				SWIFT_VERSION = 5.0;
				TARGETED_DEVICE_FAMILY = "1,2";
			};
			name = Debug;
		};
		744198C523DB005D00FC0A45 /* Release */ = {
			isa = XCBuildConfiguration;
			buildSettings = {
				ASSETCATALOG_COMPILER_APPICON_NAME = AppIcon;
				CODE_SIGN_STYLE = Automatic;
				DEVELOPMENT_ASSET_PATHS = "\"Hacker News API Combine/Preview Content\"";
				DEVELOPMENT_TEAM = 3LF677RTA3;
				ENABLE_PREVIEWS = YES;
				INFOPLIST_FILE = "Hacker News API Combine/Info.plist";
				LD_RUNPATH_SEARCH_PATHS = (
					"$(inherited)",
					"@executable_path/Frameworks",
				);
				PRODUCT_BUNDLE_IDENTIFIER = "DimNovo.Hacker-News-API-Combine";
				PRODUCT_NAME = "$(TARGET_NAME)";
				SWIFT_VERSION = 5.0;
				TARGETED_DEVICE_FAMILY = "1,2";
			};
			name = Release;
		};
/* End XCBuildConfiguration section */

/* Begin XCConfigurationList section */
		744198AA23DB005C00FC0A45 /* Build configuration list for PBXProject "Hacker News API Combine" */ = {
			isa = XCConfigurationList;
			buildConfigurations = (
				744198C123DB005D00FC0A45 /* Debug */,
				744198C223DB005D00FC0A45 /* Release */,
			);
			defaultConfigurationIsVisible = 0;
			defaultConfigurationName = Release;
		};
		744198C323DB005D00FC0A45 /* Build configuration list for PBXNativeTarget "Hacker News API Combine" */ = {
			isa = XCConfigurationList;
			buildConfigurations = (
				744198C423DB005D00FC0A45 /* Debug */,
				744198C523DB005D00FC0A45 /* Release */,
			);
			defaultConfigurationIsVisible = 0;
			defaultConfigurationName = Release;
		};
/* End XCConfigurationList section */
	};
	rootObject = 744198A723DB005C00FC0A45 /* Project object */;
}
